
Microsoft Visual Studio Solution File, Format Version 12.00
# Visual Studio Version 17
VisualStudioVersion = 17.4.33213.308
MinimumVisualStudioVersion = 10.0.40219.1
Project("{FAE04EC0-301F-11D3-BF4B-00C04F79EFBC}") = "laço de repetição", "laço de repetição\laço de repetição.csproj", "{0951C652-C030-44CC-85A7-A66CE366C15C}"
EndProject
Global
	GlobalSection(SolutionConfigurationPlatforms) = preSolution
		Debug|Any CPU = Debug|Any CPU
		Release|Any CPU = Release|Any CPU
	EndGlobalSection
	GlobalSection(ProjectConfigurationPlatforms) = postSolution
		{0951C652-C030-44CC-85A7-A66CE366C15C}.Debug|Any CPU.ActiveCfg = Debug|Any CPU
		{0951C652-C030-44CC-85A7-A66CE366C15C}.Debug|Any CPU.Build.0 = Debug|Any CPU
		{0951C652-C030-44CC-85A7-A66CE366C15C}.Release|Any CPU.ActiveCfg = Release|Any CPU
		{0951C652-C030-44CC-85A7-A66CE366C15C}.Release|Any CPU.Build.0 = Release|Any CPU
	EndGlobalSection
	GlobalSection(SolutionProperties) = preSolution
		HideSolutionNode = FALSE
	EndGlobalSection
	GlobalSection(ExtensibilityGlobals) = postSolution
		SolutionGuid = {815A308F-4915-4B36-A885-EC555BAFC2C7}
	EndGlobalSection
EndGlobal
